
Microsoft Visual Studio Solution File, Format Version 12.00
# Visual Studio Version 17
VisualStudioVersion = 17.1.32414.318
MinimumVisualStudioVersion = 10.0.40219.1
Project("{FAE04EC0-301F-11D3-BF4B-00C04F79EFBC}") = "Task2", "Task2\Task2.csproj", "{512FEA6A-ED41-4A8A-85D6-677BDC49481F}"
EndProject
Project("{FAE04EC0-301F-11D3-BF4B-00C04F79EFBC}") = "Task3", "Task3\Task3.csproj", "{2736F0A0-5DD1-4C5F-9667-050EEA517A2F}"
EndProject
Project("{FAE04EC0-301F-11D3-BF4B-00C04F79EFBC}") = "Task4", "Task4\Task4.csproj", "{62B4FAA0-A414-41A4-8FD9-5E5C8F834C99}"
EndProject
Project("{FAE04EC0-301F-11D3-BF4B-00C04F79EFBC}") = "Task6", "Task6\Task6.csproj", "{C8AA3579-F203-4AE6-BD1E-0FC62086156E}"
EndProject
Global
	GlobalSection(SolutionConfigurationPlatforms) = preSolution
		Debug|Any CPU = Debug|Any CPU
		Release|Any CPU = Release|Any CPU
	EndGlobalSection
	GlobalSection(ProjectConfigurationPlatforms) = postSolution
		{512FEA6A-ED41-4A8A-85D6-677BDC49481F}.Debug|Any CPU.ActiveCfg = Debug|Any CPU
		{512FEA6A-ED41-4A8A-85D6-677BDC49481F}.Debug|Any CPU.Build.0 = Debug|Any CPU
		{512FEA6A-ED41-4A8A-85D6-677BDC49481F}.Release|Any CPU.ActiveCfg = Release|Any CPU
		{512FEA6A-ED41-4A8A-85D6-677BDC49481F}.Release|Any CPU.Build.0 = Release|Any CPU
		{2736F0A0-5DD1-4C5F-9667-050EEA517A2F}.Debug|Any CPU.ActiveCfg = Debug|Any CPU
		{2736F0A0-5DD1-4C5F-9667-050EEA517A2F}.Debug|Any CPU.Build.0 = Debug|Any CPU
		{2736F0A0-5DD1-4C5F-9667-050EEA517A2F}.Release|Any CPU.ActiveCfg = Release|Any CPU
		{2736F0A0-5DD1-4C5F-9667-050EEA517A2F}.Release|Any CPU.Build.0 = Release|Any CPU
		{62B4FAA0-A414-41A4-8FD9-5E5C8F834C99}.Debug|Any CPU.ActiveCfg = Debug|Any CPU
		{62B4FAA0-A414-41A4-8FD9-5E5C8F834C99}.Debug|Any CPU.Build.0 = Debug|Any CPU
		{62B4FAA0-A414-41A4-8FD9-5E5C8F834C99}.Release|Any CPU.ActiveCfg = Release|Any CPU
		{62B4FAA0-A414-41A4-8FD9-5E5C8F834C99}.Release|Any CPU.Build.0 = Release|Any CPU
		{C8AA3579-F203-4AE6-BD1E-0FC62086156E}.Debug|Any CPU.ActiveCfg = Debug|Any CPU
		{C8AA3579-F203-4AE6-BD1E-0FC62086156E}.Debug|Any CPU.Build.0 = Debug|Any CPU
		{C8AA3579-F203-4AE6-BD1E-0FC62086156E}.Release|Any CPU.ActiveCfg = Release|Any CPU
		{C8AA3579-F203-4AE6-BD1E-0FC62086156E}.Release|Any CPU.Build.0 = Release|Any CPU
	EndGlobalSection
	GlobalSection(SolutionProperties) = preSolution
		HideSolutionNode = FALSE
	EndGlobalSection
	GlobalSection(ExtensibilityGlobals) = postSolution
		SolutionGuid = {FE94EE72-1AFC-4563-961B-4F1309DDBC16}
	EndGlobalSection
EndGlobal
